// !$*UTF8*$!
{
	archiveVersion = 1;
	classes = {
	};
	objectVersion = 51;
	objects = {

/* Begin PBXBuildFile section */
		11CE131E689086DA10C95F25 /* Pods_iTranslate.framework in Frameworks */ = {isa = PBXBuildFile; fileRef = 3E9FE8B3BB9E3973F26600FB /* Pods_iTranslate.framework */; };
		1D27795CB8F2F16425A6681F /* Pods_iTranslateTests.framework in Frameworks */ = {isa = PBXBuildFile; fileRef = 93B9F51CA989A173ADCC9034 /* Pods_iTranslateTests.framework */; };
		5E003FCE2413FE33002DEA8B /* RecordProtocols.swift in Sources */ = {isa = PBXBuildFile; fileRef = 5E003FCD2413FE33002DEA8B /* RecordProtocols.swift */; };
		5E11C50624137D0C0084FB21 /* RecordViewController.swift in Sources */ = {isa = PBXBuildFile; fileRef = 5E11C50524137D0B0084FB21 /* RecordViewController.swift */; };
		5E11C50E241394250084FB21 /* RecordViewModel.swift in Sources */ = {isa = PBXBuildFile; fileRef = 5E11C50D241394250084FB21 /* RecordViewModel.swift */; };
		5E11C5102413D2090084FB21 /* AudioManager.swift in Sources */ = {isa = PBXBuildFile; fileRef = 5E11C50F2413D2090084FB21 /* AudioManager.swift */; };
		5E237E1C24143674004AB922 /* View.swift in Sources */ = {isa = PBXBuildFile; fileRef = 5E237E1B24143674004AB922 /* View.swift */; };
		5E237E1E241507BE004AB922 /* Record.swift in Sources */ = {isa = PBXBuildFile; fileRef = 5E237E1D241507BE004AB922 /* Record.swift */; };
		5E237E2024150B86004AB922 /* DataManager.swift in Sources */ = {isa = PBXBuildFile; fileRef = 5E237E1F24150B86004AB922 /* DataManager.swift */; };
		5E237E2224150BAC004AB922 /* Caching.swift in Sources */ = {isa = PBXBuildFile; fileRef = 5E237E2124150BAC004AB922 /* Caching.swift */; };
		5E237E2424150BDE004AB922 /* BaseObject.swift in Sources */ = {isa = PBXBuildFile; fileRef = 5E237E2324150BDE004AB922 /* BaseObject.swift */; };
		5E6CEBD924153FB300F73A1D /* AlertController.swift in Sources */ = {isa = PBXBuildFile; fileRef = 5E6CEBD824153FB300F73A1D /* AlertController.swift */; };
		5E6CEBDE24154AEE00F73A1D /* RecordListViewController.swift in Sources */ = {isa = PBXBuildFile; fileRef = 5E6CEBDD24154AEE00F73A1D /* RecordListViewController.swift */; };
		5E6CEBE22415620700F73A1D /* TimeIntervalExtension.swift in Sources */ = {isa = PBXBuildFile; fileRef = 5E6CEBE12415620700F73A1D /* TimeIntervalExtension.swift */; };
		5E6CEBE4241574A900F73A1D /* RecordListProtocol.swift in Sources */ = {isa = PBXBuildFile; fileRef = 5E6CEBE3241574A900F73A1D /* RecordListProtocol.swift */; };
		5E6CEBE62415751000F73A1D /* RecordListViewModel.swift in Sources */ = {isa = PBXBuildFile; fileRef = 5E6CEBE52415751000F73A1D /* RecordListViewModel.swift */; };
		5E6CEBE92415791300F73A1D /* RecordListViewCell.swift in Sources */ = {isa = PBXBuildFile; fileRef = 5E6CEBE72415791300F73A1D /* RecordListViewCell.swift */; };
		5E6CEBEA2415791300F73A1D /* RecordListViewCell.xib in Resources */ = {isa = PBXBuildFile; fileRef = 5E6CEBE82415791300F73A1D /* RecordListViewCell.xib */; };
		5E6CEBEC24157A5E00F73A1D /* RecordDisplayViewModel.swift in Sources */ = {isa = PBXBuildFile; fileRef = 5E6CEBEB24157A5E00F73A1D /* RecordDisplayViewModel.swift */; };
		5E6CEBF02416165B00F73A1D /* AudioPlayerViewController.swift in Sources */ = {isa = PBXBuildFile; fileRef = 5E6CEBEF2416165B00F73A1D /* AudioPlayerViewController.swift */; };
		5E6CEBF3241616A800F73A1D /* RecordPlayerProtocol.swift in Sources */ = {isa = PBXBuildFile; fileRef = 5E6CEBF2241616A800F73A1D /* RecordPlayerProtocol.swift */; };
		5E6CEBF6241616FA00F73A1D /* RecordPlayerViewModel.swift in Sources */ = {isa = PBXBuildFile; fileRef = 5E6CEBF5241616FA00F73A1D /* RecordPlayerViewModel.swift */; };
		5E6CEBF82416CA6000F73A1D /* DateExtension.swift in Sources */ = {isa = PBXBuildFile; fileRef = 5E6CEBF72416CA6000F73A1D /* DateExtension.swift */; };
		5E76D7C52414018900F074DD /* RecordPermissionAlertViewController.swift in Sources */ = {isa = PBXBuildFile; fileRef = 5E76D7C42414018900F074DD /* RecordPermissionAlertViewController.swift */; };
		5E76D7C82414112900F074DD /* ResponderExtension.swift in Sources */ = {isa = PBXBuildFile; fileRef = 5E76D7C72414112900F074DD /* ResponderExtension.swift */; };
		5E9EF6C92416D6BB00462CFB /* FileDataManager.swift in Sources */ = {isa = PBXBuildFile; fileRef = 5E9EF6C82416D6BB00462CFB /* FileDataManager.swift */; };
		5E9EF6CF2416DBB800462CFB /* RecordViewModelTests.swift in Sources */ = {isa = PBXBuildFile; fileRef = 5E9EF6CE2416DBB800462CFB /* RecordViewModelTests.swift */; };
		D2D777CB22CDCC1100427FC0 /* AppDelegate.swift in Sources */ = {isa = PBXBuildFile; fileRef = D2D777CA22CDCC1100427FC0 /* AppDelegate.swift */; };
		D2D777D022CDCC1100427FC0 /* Main.storyboard in Resources */ = {isa = PBXBuildFile; fileRef = D2D777CE22CDCC1100427FC0 /* Main.storyboard */; };
		D2D777D222CDCC1200427FC0 /* Assets.xcassets in Resources */ = {isa = PBXBuildFile; fileRef = D2D777D122CDCC1200427FC0 /* Assets.xcassets */; };
		D2D777D522CDCC1200427FC0 /* LaunchScreen.storyboard in Resources */ = {isa = PBXBuildFile; fileRef = D2D777D322CDCC1200427FC0 /* LaunchScreen.storyboard */; };
		D2D777E022CDCC1300427FC0 /* iTranslateTests.swift in Sources */ = {isa = PBXBuildFile; fileRef = D2D777DF22CDCC1300427FC0 /* iTranslateTests.swift */; };
		D2D777EB22CDCC1300427FC0 /* iTranslateUITests.swift in Sources */ = {isa = PBXBuildFile; fileRef = D2D777EA22CDCC1300427FC0 /* iTranslateUITests.swift */; };
		D2D777F922CDCC8100427FC0 /* ViewModel.swift in Sources */ = {isa = PBXBuildFile; fileRef = D2D777F822CDCC8100427FC0 /* ViewModel.swift */; };
		FFD451BED42A27035B8A7DD6 /* Pods_iTranslate_iTranslateUITests.framework in Frameworks */ = {isa = PBXBuildFile; fileRef = 849969A8944F7F3249C483CF /* Pods_iTranslate_iTranslateUITests.framework */; };
/* End PBXBuildFile section */

/* Begin PBXContainerItemProxy section */
		D2D777DC22CDCC1300427FC0 /* PBXContainerItemProxy */ = {
			isa = PBXContainerItemProxy;
			containerPortal = D2D777BF22CDCC1100427FC0 /* Project object */;
			proxyType = 1;
			remoteGlobalIDString = D2D777C622CDCC1100427FC0;
			remoteInfo = iTranslate;
		};
		D2D777E722CDCC1300427FC0 /* PBXContainerItemProxy */ = {
			isa = PBXContainerItemProxy;
			containerPortal = D2D777BF22CDCC1100427FC0 /* Project object */;
			proxyType = 1;
			remoteGlobalIDString = D2D777C622CDCC1100427FC0;
			remoteInfo = iTranslate;
		};
/* End PBXContainerItemProxy section */

/* Begin PBXFileReference section */
		27016E514107061BDD1CE88F /* Pods-iTranslate.release.xcconfig */ = {isa = PBXFileReference; includeInIndex = 1; lastKnownFileType = text.xcconfig; name = "Pods-iTranslate.release.xcconfig"; path = "Target Support Files/Pods-iTranslate/Pods-iTranslate.release.xcconfig"; sourceTree = "<group>"; };
		3E9FE8B3BB9E3973F26600FB /* Pods_iTranslate.framework */ = {isa = PBXFileReference; explicitFileType = wrapper.framework; includeInIndex = 0; path = Pods_iTranslate.framework; sourceTree = BUILT_PRODUCTS_DIR; };
		56EC0CB14DEB18D115185FE9 /* Pods-iTranslateTests.debug.xcconfig */ = {isa = PBXFileReference; includeInIndex = 1; lastKnownFileType = text.xcconfig; name = "Pods-iTranslateTests.debug.xcconfig"; path = "Target Support Files/Pods-iTranslateTests/Pods-iTranslateTests.debug.xcconfig"; sourceTree = "<group>"; };
		592DCC2869DEB98A67D8C2F4 /* Pods-iTranslateTests.release.xcconfig */ = {isa = PBXFileReference; includeInIndex = 1; lastKnownFileType = text.xcconfig; name = "Pods-iTranslateTests.release.xcconfig"; path = "Target Support Files/Pods-iTranslateTests/Pods-iTranslateTests.release.xcconfig"; sourceTree = "<group>"; };
		5E003FCD2413FE33002DEA8B /* RecordProtocols.swift */ = {isa = PBXFileReference; lastKnownFileType = sourcecode.swift; path = RecordProtocols.swift; sourceTree = "<group>"; };
		5E11C50524137D0B0084FB21 /* RecordViewController.swift */ = {isa = PBXFileReference; lastKnownFileType = sourcecode.swift; path = RecordViewController.swift; sourceTree = "<group>"; };
		5E11C50D241394250084FB21 /* RecordViewModel.swift */ = {isa = PBXFileReference; lastKnownFileType = sourcecode.swift; path = RecordViewModel.swift; sourceTree = "<group>"; };
		5E11C50F2413D2090084FB21 /* AudioManager.swift */ = {isa = PBXFileReference; lastKnownFileType = sourcecode.swift; path = AudioManager.swift; sourceTree = "<group>"; };
		5E237E1B24143674004AB922 /* View.swift */ = {isa = PBXFileReference; lastKnownFileType = sourcecode.swift; path = View.swift; sourceTree = "<group>"; };
		5E237E1D241507BE004AB922 /* Record.swift */ = {isa = PBXFileReference; lastKnownFileType = sourcecode.swift; path = Record.swift; sourceTree = "<group>"; };
		5E237E1F24150B86004AB922 /* DataManager.swift */ = {isa = PBXFileReference; lastKnownFileType = sourcecode.swift; path = DataManager.swift; sourceTree = "<group>"; };
		5E237E2124150BAC004AB922 /* Caching.swift */ = {isa = PBXFileReference; lastKnownFileType = sourcecode.swift; path = Caching.swift; sourceTree = "<group>"; };
		5E237E2324150BDE004AB922 /* BaseObject.swift */ = {isa = PBXFileReference; lastKnownFileType = sourcecode.swift; path = BaseObject.swift; sourceTree = "<group>"; };
		5E6CEBD824153FB300F73A1D /* AlertController.swift */ = {isa = PBXFileReference; lastKnownFileType = sourcecode.swift; path = AlertController.swift; sourceTree = "<group>"; };
		5E6CEBDD24154AEE00F73A1D /* RecordListViewController.swift */ = {isa = PBXFileReference; lastKnownFileType = sourcecode.swift; path = RecordListViewController.swift; sourceTree = "<group>"; };
		5E6CEBE12415620700F73A1D /* TimeIntervalExtension.swift */ = {isa = PBXFileReference; fileEncoding = 4; lastKnownFileType = sourcecode.swift; path = TimeIntervalExtension.swift; sourceTree = "<group>"; };
		5E6CEBE3241574A900F73A1D /* RecordListProtocol.swift */ = {isa = PBXFileReference; lastKnownFileType = sourcecode.swift; path = RecordListProtocol.swift; sourceTree = "<group>"; };
		5E6CEBE52415751000F73A1D /* RecordListViewModel.swift */ = {isa = PBXFileReference; lastKnownFileType = sourcecode.swift; path = RecordListViewModel.swift; sourceTree = "<group>"; };
		5E6CEBE72415791300F73A1D /* RecordListViewCell.swift */ = {isa = PBXFileReference; lastKnownFileType = sourcecode.swift; path = RecordListViewCell.swift; sourceTree = "<group>"; };
		5E6CEBE82415791300F73A1D /* RecordListViewCell.xib */ = {isa = PBXFileReference; lastKnownFileType = file.xib; path = RecordListViewCell.xib; sourceTree = "<group>"; };
		5E6CEBEB24157A5E00F73A1D /* RecordDisplayViewModel.swift */ = {isa = PBXFileReference; lastKnownFileType = sourcecode.swift; path = RecordDisplayViewModel.swift; sourceTree = "<group>"; };
		5E6CEBEF2416165B00F73A1D /* AudioPlayerViewController.swift */ = {isa = PBXFileReference; lastKnownFileType = sourcecode.swift; path = AudioPlayerViewController.swift; sourceTree = "<group>"; };
		5E6CEBF2241616A800F73A1D /* RecordPlayerProtocol.swift */ = {isa = PBXFileReference; lastKnownFileType = sourcecode.swift; path = RecordPlayerProtocol.swift; sourceTree = "<group>"; };
		5E6CEBF5241616FA00F73A1D /* RecordPlayerViewModel.swift */ = {isa = PBXFileReference; lastKnownFileType = sourcecode.swift; path = RecordPlayerViewModel.swift; sourceTree = "<group>"; };
		5E6CEBF72416CA6000F73A1D /* DateExtension.swift */ = {isa = PBXFileReference; lastKnownFileType = sourcecode.swift; path = DateExtension.swift; sourceTree = "<group>"; };
		5E76D7C42414018900F074DD /* RecordPermissionAlertViewController.swift */ = {isa = PBXFileReference; lastKnownFileType = sourcecode.swift; path = RecordPermissionAlertViewController.swift; sourceTree = "<group>"; };
		5E76D7C72414112900F074DD /* ResponderExtension.swift */ = {isa = PBXFileReference; lastKnownFileType = sourcecode.swift; path = ResponderExtension.swift; sourceTree = "<group>"; };
		5E9EF6C82416D6BB00462CFB /* FileDataManager.swift */ = {isa = PBXFileReference; lastKnownFileType = sourcecode.swift; path = FileDataManager.swift; sourceTree = "<group>"; };
		5E9EF6CE2416DBB800462CFB /* RecordViewModelTests.swift */ = {isa = PBXFileReference; lastKnownFileType = sourcecode.swift; path = RecordViewModelTests.swift; sourceTree = "<group>"; };
		61970C44116C7CB5633F52AB /* Pods-iTranslate-iTranslateUITests.debug.xcconfig */ = {isa = PBXFileReference; includeInIndex = 1; lastKnownFileType = text.xcconfig; name = "Pods-iTranslate-iTranslateUITests.debug.xcconfig"; path = "Target Support Files/Pods-iTranslate-iTranslateUITests/Pods-iTranslate-iTranslateUITests.debug.xcconfig"; sourceTree = "<group>"; };
		6B221982CCF8B6D590EA0F7D /* Pods-iTranslate.debug.xcconfig */ = {isa = PBXFileReference; includeInIndex = 1; lastKnownFileType = text.xcconfig; name = "Pods-iTranslate.debug.xcconfig"; path = "Target Support Files/Pods-iTranslate/Pods-iTranslate.debug.xcconfig"; sourceTree = "<group>"; };
		849969A8944F7F3249C483CF /* Pods_iTranslate_iTranslateUITests.framework */ = {isa = PBXFileReference; explicitFileType = wrapper.framework; includeInIndex = 0; path = Pods_iTranslate_iTranslateUITests.framework; sourceTree = BUILT_PRODUCTS_DIR; };
		93B9F51CA989A173ADCC9034 /* Pods_iTranslateTests.framework */ = {isa = PBXFileReference; explicitFileType = wrapper.framework; includeInIndex = 0; path = Pods_iTranslateTests.framework; sourceTree = BUILT_PRODUCTS_DIR; };
		BB629AB7E744E276088E2DB9 /* Pods-iTranslate-iTranslateUITests.release.xcconfig */ = {isa = PBXFileReference; includeInIndex = 1; lastKnownFileType = text.xcconfig; name = "Pods-iTranslate-iTranslateUITests.release.xcconfig"; path = "Target Support Files/Pods-iTranslate-iTranslateUITests/Pods-iTranslate-iTranslateUITests.release.xcconfig"; sourceTree = "<group>"; };
		D2D777C722CDCC1100427FC0 /* iTranslate.app */ = {isa = PBXFileReference; explicitFileType = wrapper.application; includeInIndex = 0; path = iTranslate.app; sourceTree = BUILT_PRODUCTS_DIR; };
		D2D777CA22CDCC1100427FC0 /* AppDelegate.swift */ = {isa = PBXFileReference; lastKnownFileType = sourcecode.swift; path = AppDelegate.swift; sourceTree = "<group>"; };
		D2D777CF22CDCC1100427FC0 /* Base */ = {isa = PBXFileReference; lastKnownFileType = file.storyboard; name = Base; path = Base.lproj/Main.storyboard; sourceTree = "<group>"; };
		D2D777D122CDCC1200427FC0 /* Assets.xcassets */ = {isa = PBXFileReference; lastKnownFileType = folder.assetcatalog; path = Assets.xcassets; sourceTree = "<group>"; };
		D2D777D422CDCC1200427FC0 /* Base */ = {isa = PBXFileReference; lastKnownFileType = file.storyboard; name = Base; path = Base.lproj/LaunchScreen.storyboard; sourceTree = "<group>"; };
		D2D777D622CDCC1200427FC0 /* Info.plist */ = {isa = PBXFileReference; lastKnownFileType = text.plist.xml; path = Info.plist; sourceTree = "<group>"; };
		D2D777DB22CDCC1300427FC0 /* iTranslateTests.xctest */ = {isa = PBXFileReference; explicitFileType = wrapper.cfbundle; includeInIndex = 0; path = iTranslateTests.xctest; sourceTree = BUILT_PRODUCTS_DIR; };
		D2D777DF22CDCC1300427FC0 /* iTranslateTests.swift */ = {isa = PBXFileReference; lastKnownFileType = sourcecode.swift; path = iTranslateTests.swift; sourceTree = "<group>"; };
		D2D777E122CDCC1300427FC0 /* Info.plist */ = {isa = PBXFileReference; lastKnownFileType = text.plist.xml; path = Info.plist; sourceTree = "<group>"; };
		D2D777E622CDCC1300427FC0 /* iTranslateUITests.xctest */ = {isa = PBXFileReference; explicitFileType = wrapper.cfbundle; includeInIndex = 0; path = iTranslateUITests.xctest; sourceTree = BUILT_PRODUCTS_DIR; };
		D2D777EA22CDCC1300427FC0 /* iTranslateUITests.swift */ = {isa = PBXFileReference; lastKnownFileType = sourcecode.swift; path = iTranslateUITests.swift; sourceTree = "<group>"; };
		D2D777EC22CDCC1300427FC0 /* Info.plist */ = {isa = PBXFileReference; lastKnownFileType = text.plist.xml; path = Info.plist; sourceTree = "<group>"; };
		D2D777F822CDCC8100427FC0 /* ViewModel.swift */ = {isa = PBXFileReference; lastKnownFileType = sourcecode.swift; path = ViewModel.swift; sourceTree = "<group>"; };
/* End PBXFileReference section */

/* Begin PBXFrameworksBuildPhase section */
		D2D777C422CDCC1100427FC0 /* Frameworks */ = {
			isa = PBXFrameworksBuildPhase;
			buildActionMask = 2147483647;
			files = (
				11CE131E689086DA10C95F25 /* Pods_iTranslate.framework in Frameworks */,
			);
			runOnlyForDeploymentPostprocessing = 0;
		};
		D2D777D822CDCC1300427FC0 /* Frameworks */ = {
			isa = PBXFrameworksBuildPhase;
			buildActionMask = 2147483647;
			files = (
				1D27795CB8F2F16425A6681F /* Pods_iTranslateTests.framework in Frameworks */,
			);
			runOnlyForDeploymentPostprocessing = 0;
		};
		D2D777E322CDCC1300427FC0 /* Frameworks */ = {
			isa = PBXFrameworksBuildPhase;
			buildActionMask = 2147483647;
			files = (
				FFD451BED42A27035B8A7DD6 /* Pods_iTranslate_iTranslateUITests.framework in Frameworks */,
			);
			runOnlyForDeploymentPostprocessing = 0;
		};
/* End PBXFrameworksBuildPhase section */

/* Begin PBXGroup section */
		5E003FCF2413FE46002DEA8B /* Protocol */ = {
			isa = PBXGroup;
			children = (
				5E003FCD2413FE33002DEA8B /* RecordProtocols.swift */,
			);
			path = Protocol;
			sourceTree = "<group>";
		};
		5E11C507241389100084FB21 /* Record */ = {
			isa = PBXGroup;
			children = (
				5E003FCF2413FE46002DEA8B /* Protocol */,
				5E11C50A241389350084FB21 /* Model */,
				5E11C5092413892D0084FB21 /* ViewModel */,
				5E11C508241389220084FB21 /* ViewController */,
			);
			path = Record;
			sourceTree = "<group>";
		};
		5E11C508241389220084FB21 /* ViewController */ = {
			isa = PBXGroup;
			children = (
				5E11C50524137D0B0084FB21 /* RecordViewController.swift */,
				5E76D7C42414018900F074DD /* RecordPermissionAlertViewController.swift */,
			);
			path = ViewController;
			sourceTree = "<group>";
		};
		5E11C5092413892D0084FB21 /* ViewModel */ = {
			isa = PBXGroup;
			children = (
				5E11C50D241394250084FB21 /* RecordViewModel.swift */,
			);
			path = ViewModel;
			sourceTree = "<group>";
		};
		5E11C50A241389350084FB21 /* Model */ = {
			isa = PBXGroup;
			children = (
				5E237E1D241507BE004AB922 /* Record.swift */,
			);
			path = Model;
			sourceTree = "<group>";
		};
		5E11C50B241389430084FB21 /* RecordList */ = {
			isa = PBXGroup;
			children = (
				5E6CEBDC24154A7400F73A1D /* ViewController */,
				5E6CEBDB24154A6A00F73A1D /* ViewModel */,
				5E6CEBDA24154A5500F73A1D /* Protocol */,
			);
			path = RecordList;
			sourceTree = "<group>";
		};
		5E11C50C2413900E0084FB21 /* Managers */ = {
			isa = PBXGroup;
			children = (
				5E11C50F2413D2090084FB21 /* AudioManager.swift */,
				5E237E1F24150B86004AB922 /* DataManager.swift */,
				5E237E2124150BAC004AB922 /* Caching.swift */,
			);
			path = Managers;
			sourceTree = "<group>";
		};
		5E6CEBDA24154A5500F73A1D /* Protocol */ = {
			isa = PBXGroup;
			children = (
				5E6CEBE3241574A900F73A1D /* RecordListProtocol.swift */,
			);
			path = Protocol;
			sourceTree = "<group>";
		};
		5E6CEBDB24154A6A00F73A1D /* ViewModel */ = {
			isa = PBXGroup;
			children = (
				5E6CEBE52415751000F73A1D /* RecordListViewModel.swift */,
				5E6CEBEB24157A5E00F73A1D /* RecordDisplayViewModel.swift */,
			);
			path = ViewModel;
			sourceTree = "<group>";
		};
		5E6CEBDC24154A7400F73A1D /* ViewController */ = {
			isa = PBXGroup;
			children = (
				5E6CEBDD24154AEE00F73A1D /* RecordListViewController.swift */,
				5E6CEBE72415791300F73A1D /* RecordListViewCell.swift */,
				5E6CEBE82415791300F73A1D /* RecordListViewCell.xib */,
			);
			path = ViewController;
			sourceTree = "<group>";
		};
		5E6CEBED241615EB00F73A1D /* RecordPlay */ = {
			isa = PBXGroup;
			children = (
				5E6CEBF4241616DD00F73A1D /* ViewModel */,
				5E6CEBF12416168500F73A1D /* Protocol */,
				5E6CEBEE2416162800F73A1D /* ViewController */,
			);
			path = RecordPlay;
			sourceTree = "<group>";
		};
		5E6CEBEE2416162800F73A1D /* ViewController */ = {
			isa = PBXGroup;
			children = (
				5E6CEBEF2416165B00F73A1D /* AudioPlayerViewController.swift */,
			);
			path = ViewController;
			sourceTree = "<group>";
		};
		5E6CEBF12416168500F73A1D /* Protocol */ = {
			isa = PBXGroup;
			children = (
				5E6CEBF2241616A800F73A1D /* RecordPlayerProtocol.swift */,
			);
			path = Protocol;
			sourceTree = "<group>";
		};
		5E6CEBF4241616DD00F73A1D /* ViewModel */ = {
			isa = PBXGroup;
			children = (
				5E6CEBF5241616FA00F73A1D /* RecordPlayerViewModel.swift */,
			);
			path = ViewModel;
			sourceTree = "<group>";
		};
		5E76D7C62414110500F074DD /* Helpers */ = {
			isa = PBXGroup;
			children = (
				5E6CEBE12415620700F73A1D /* TimeIntervalExtension.swift */,
				5E76D7C72414112900F074DD /* ResponderExtension.swift */,
				5E237E1B24143674004AB922 /* View.swift */,
				5E6CEBD824153FB300F73A1D /* AlertController.swift */,
				5E6CEBF72416CA6000F73A1D /* DateExtension.swift */,
				5E9EF6C82416D6BB00462CFB /* FileDataManager.swift */,
			);
			path = Helpers;
			sourceTree = "<group>";
		};
		5E9EF6CA2416DAD900462CFB /* Record */ = {
			isa = PBXGroup;
			children = (
				5E9EF6CB2416DAEC00462CFB /* ViewModel */,
			);
			path = Record;
			sourceTree = "<group>";
		};
		5E9EF6CB2416DAEC00462CFB /* ViewModel */ = {
			isa = PBXGroup;
			children = (
				5E9EF6CE2416DBB800462CFB /* RecordViewModelTests.swift */,
			);
			path = ViewModel;
			sourceTree = "<group>";
		};
		5E9EF6CC2416DB7F00462CFB /* Base */ = {
			isa = PBXGroup;
			children = (
				5E9EF6CD2416DB8D00462CFB /* ViewModel */,
			);
			path = Base;
			sourceTree = "<group>";
		};
		5E9EF6CD2416DB8D00462CFB /* ViewModel */ = {
			isa = PBXGroup;
			children = (
				D2D777F822CDCC8100427FC0 /* ViewModel.swift */,
			);
			path = ViewModel;
			sourceTree = "<group>";
		};
		71A657329A65EADCC2988B49 /* Pods */ = {
			isa = PBXGroup;
			children = (
				6B221982CCF8B6D590EA0F7D /* Pods-iTranslate.debug.xcconfig */,
				27016E514107061BDD1CE88F /* Pods-iTranslate.release.xcconfig */,
				61970C44116C7CB5633F52AB /* Pods-iTranslate-iTranslateUITests.debug.xcconfig */,
				BB629AB7E744E276088E2DB9 /* Pods-iTranslate-iTranslateUITests.release.xcconfig */,
				56EC0CB14DEB18D115185FE9 /* Pods-iTranslateTests.debug.xcconfig */,
				592DCC2869DEB98A67D8C2F4 /* Pods-iTranslateTests.release.xcconfig */,
			);
			path = Pods;
			sourceTree = "<group>";
		};
		D2D777BE22CDCC1100427FC0 = {
			isa = PBXGroup;
			children = (
				D2D777C922CDCC1100427FC0 /* iTranslate */,
				D2D777DE22CDCC1300427FC0 /* iTranslateTests */,
				D2D777E922CDCC1300427FC0 /* iTranslateUITests */,
				D2D777C822CDCC1100427FC0 /* Products */,
				71A657329A65EADCC2988B49 /* Pods */,
				F28654E7DAE3ABB786FB2D29 /* Frameworks */,
			);
			sourceTree = "<group>";
		};
		D2D777C822CDCC1100427FC0 /* Products */ = {
			isa = PBXGroup;
			children = (
				D2D777C722CDCC1100427FC0 /* iTranslate.app */,
				D2D777DB22CDCC1300427FC0 /* iTranslateTests.xctest */,
				D2D777E622CDCC1300427FC0 /* iTranslateUITests.xctest */,
			);
			name = Products;
			sourceTree = "<group>";
		};
		D2D777C922CDCC1100427FC0 /* iTranslate */ = {
			isa = PBXGroup;
			children = (
				5E9EF6CC2416DB7F00462CFB /* Base */,
				5E76D7C62414110500F074DD /* Helpers */,
				5E11C50C2413900E0084FB21 /* Managers */,
				5E11C507241389100084FB21 /* Record */,
				5E11C50B241389430084FB21 /* RecordList */,
				5E6CEBED241615EB00F73A1D /* RecordPlay */,
				D2D777CA22CDCC1100427FC0 /* AppDelegate.swift */,
				D2D777CE22CDCC1100427FC0 /* Main.storyboard */,
				D2D777D122CDCC1200427FC0 /* Assets.xcassets */,
				D2D777D322CDCC1200427FC0 /* LaunchScreen.storyboard */,
				D2D777D622CDCC1200427FC0 /* Info.plist */,
				5E237E2324150BDE004AB922 /* BaseObject.swift */,
			);
			path = iTranslate;
			sourceTree = "<group>";
		};
		D2D777DE22CDCC1300427FC0 /* iTranslateTests */ = {
			isa = PBXGroup;
			children = (
				5E9EF6CA2416DAD900462CFB /* Record */,
				D2D777DF22CDCC1300427FC0 /* iTranslateTests.swift */,
				D2D777E122CDCC1300427FC0 /* Info.plist */,
			);
			path = iTranslateTests;
			sourceTree = "<group>";
		};
		D2D777E922CDCC1300427FC0 /* iTranslateUITests */ = {
			isa = PBXGroup;
			children = (
				D2D777EA22CDCC1300427FC0 /* iTranslateUITests.swift */,
				D2D777EC22CDCC1300427FC0 /* Info.plist */,
			);
			path = iTranslateUITests;
			sourceTree = "<group>";
		};
		F28654E7DAE3ABB786FB2D29 /* Frameworks */ = {
			isa = PBXGroup;
			children = (
				3E9FE8B3BB9E3973F26600FB /* Pods_iTranslate.framework */,
				849969A8944F7F3249C483CF /* Pods_iTranslate_iTranslateUITests.framework */,
				93B9F51CA989A173ADCC9034 /* Pods_iTranslateTests.framework */,
			);
			name = Frameworks;
			sourceTree = "<group>";
		};
/* End PBXGroup section */

/* Begin PBXNativeTarget section */
		D2D777C622CDCC1100427FC0 /* iTranslate */ = {
			isa = PBXNativeTarget;
			buildConfigurationList = D2D777EF22CDCC1300427FC0 /* Build configuration list for PBXNativeTarget "iTranslate" */;
			buildPhases = (
				191BDF96627976D5C46F722E /* [CP] Check Pods Manifest.lock */,
				D2D777C322CDCC1100427FC0 /* Sources */,
				D2D777C422CDCC1100427FC0 /* Frameworks */,
				D2D777C522CDCC1100427FC0 /* Resources */,
				6CB998116CF49E5759666668 /* [CP] Embed Pods Frameworks */,
			);
			buildRules = (
			);
			dependencies = (
			);
			name = iTranslate;
			productName = iTranslate;
			productReference = D2D777C722CDCC1100427FC0 /* iTranslate.app */;
			productType = "com.apple.product-type.application";
		};
		D2D777DA22CDCC1300427FC0 /* iTranslateTests */ = {
			isa = PBXNativeTarget;
			buildConfigurationList = D2D777F222CDCC1300427FC0 /* Build configuration list for PBXNativeTarget "iTranslateTests" */;
			buildPhases = (
				2D4861E016F434131885A1C3 /* [CP] Check Pods Manifest.lock */,
				D2D777D722CDCC1300427FC0 /* Sources */,
				D2D777D822CDCC1300427FC0 /* Frameworks */,
				D2D777D922CDCC1300427FC0 /* Resources */,
				3026602906F5EF0E7C89C0BE /* [CP] Embed Pods Frameworks */,
			);
			buildRules = (
			);
			dependencies = (
				D2D777DD22CDCC1300427FC0 /* PBXTargetDependency */,
			);
			name = iTranslateTests;
			productName = iTranslateTests;
			productReference = D2D777DB22CDCC1300427FC0 /* iTranslateTests.xctest */;
			productType = "com.apple.product-type.bundle.unit-test";
		};
		D2D777E522CDCC1300427FC0 /* iTranslateUITests */ = {
			isa = PBXNativeTarget;
			buildConfigurationList = D2D777F522CDCC1300427FC0 /* Build configuration list for PBXNativeTarget "iTranslateUITests" */;
			buildPhases = (
				0110E158B3313E8D945E4E45 /* [CP] Check Pods Manifest.lock */,
				D2D777E222CDCC1300427FC0 /* Sources */,
				D2D777E322CDCC1300427FC0 /* Frameworks */,
				D2D777E422CDCC1300427FC0 /* Resources */,
				E3D4DD0BC51ABCF04C086995 /* [CP] Embed Pods Frameworks */,
			);
			buildRules = (
			);
			dependencies = (
				D2D777E822CDCC1300427FC0 /* PBXTargetDependency */,
			);
			name = iTranslateUITests;
			productName = iTranslateUITests;
			productReference = D2D777E622CDCC1300427FC0 /* iTranslateUITests.xctest */;
			productType = "com.apple.product-type.bundle.ui-testing";
		};
/* End PBXNativeTarget section */

/* Begin PBXProject section */
		D2D777BF22CDCC1100427FC0 /* Project object */ = {
			isa = PBXProject;
			attributes = {
				LastSwiftUpdateCheck = 1020;
				LastUpgradeCheck = 1020;
				ORGANIZATIONNAME = iTranslate;
				TargetAttributes = {
					D2D777C622CDCC1100427FC0 = {
						CreatedOnToolsVersion = 10.2;
					};
					D2D777DA22CDCC1300427FC0 = {
						CreatedOnToolsVersion = 10.2;
						TestTargetID = D2D777C622CDCC1100427FC0;
					};
					D2D777E522CDCC1300427FC0 = {
						CreatedOnToolsVersion = 10.2;
						TestTargetID = D2D777C622CDCC1100427FC0;
					};
				};
			};
			buildConfigurationList = D2D777C222CDCC1100427FC0 /* Build configuration list for PBXProject "iTranslate" */;
			compatibilityVersion = "Xcode 9.3";
			developmentRegion = en;
			hasScannedForEncodings = 0;
			knownRegions = (
				en,
				Base,
			);
			mainGroup = D2D777BE22CDCC1100427FC0;
			productRefGroup = D2D777C822CDCC1100427FC0 /* Products */;
			projectDirPath = "";
			projectRoot = "";
			targets = (
				D2D777C622CDCC1100427FC0 /* iTranslate */,
				D2D777DA22CDCC1300427FC0 /* iTranslateTests */,
				D2D777E522CDCC1300427FC0 /* iTranslateUITests */,
			);
		};
/* End PBXProject section */

/* Begin PBXResourcesBuildPhase section */
		D2D777C522CDCC1100427FC0 /* Resources */ = {
			isa = PBXResourcesBuildPhase;
			buildActionMask = 2147483647;
			files = (
				D2D777D522CDCC1200427FC0 /* LaunchScreen.storyboard in Resources */,
				5E6CEBEA2415791300F73A1D /* RecordListViewCell.xib in Resources */,
				D2D777D222CDCC1200427FC0 /* Assets.xcassets in Resources */,
				D2D777D022CDCC1100427FC0 /* Main.storyboard in Resources */,
			);
			runOnlyForDeploymentPostprocessing = 0;
		};
		D2D777D922CDCC1300427FC0 /* Resources */ = {
			isa = PBXResourcesBuildPhase;
			buildActionMask = 2147483647;
			files = (
			);
			runOnlyForDeploymentPostprocessing = 0;
		};
		D2D777E422CDCC1300427FC0 /* Resources */ = {
			isa = PBXResourcesBuildPhase;
			buildActionMask = 2147483647;
			files = (
			);
			runOnlyForDeploymentPostprocessing = 0;
		};
/* End PBXResourcesBuildPhase section */

/* Begin PBXShellScriptBuildPhase section */
		0110E158B3313E8D945E4E45 /* [CP] Check Pods Manifest.lock */ = {
			isa = PBXShellScriptBuildPhase;
			buildActionMask = 2147483647;
			files = (
			);
			inputFileListPaths = (
			);
			inputPaths = (
				"${PODS_PODFILE_DIR_PATH}/Podfile.lock",
				"${PODS_ROOT}/Manifest.lock",
			);
			name = "[CP] Check Pods Manifest.lock";
			outputFileListPaths = (
			);
			outputPaths = (
				"$(DERIVED_FILE_DIR)/Pods-iTranslate-iTranslateUITests-checkManifestLockResult.txt",
			);
			runOnlyForDeploymentPostprocessing = 0;
			shellPath = /bin/sh;
			shellScript = "diff \"${PODS_PODFILE_DIR_PATH}/Podfile.lock\" \"${PODS_ROOT}/Manifest.lock\" > /dev/null\nif [ $? != 0 ] ; then\n    # print error to STDERR\n    echo \"error: The sandbox is not in sync with the Podfile.lock. Run 'pod install' or update your CocoaPods installation.\" >&2\n    exit 1\nfi\n# This output is used by Xcode 'outputs' to avoid re-running this script phase.\necho \"SUCCESS\" > \"${SCRIPT_OUTPUT_FILE_0}\"\n";
			showEnvVarsInLog = 0;
		};
		191BDF96627976D5C46F722E /* [CP] Check Pods Manifest.lock */ = {
			isa = PBXShellScriptBuildPhase;
			buildActionMask = 2147483647;
			files = (
			);
			inputFileListPaths = (
			);
			inputPaths = (
				"${PODS_PODFILE_DIR_PATH}/Podfile.lock",
				"${PODS_ROOT}/Manifest.lock",
			);
			name = "[CP] Check Pods Manifest.lock";
			outputFileListPaths = (
			);
			outputPaths = (
				"$(DERIVED_FILE_DIR)/Pods-iTranslate-checkManifestLockResult.txt",
			);
			runOnlyForDeploymentPostprocessing = 0;
			shellPath = /bin/sh;
			shellScript = "diff \"${PODS_PODFILE_DIR_PATH}/Podfile.lock\" \"${PODS_ROOT}/Manifest.lock\" > /dev/null\nif [ $? != 0 ] ; then\n    # print error to STDERR\n    echo \"error: The sandbox is not in sync with the Podfile.lock. Run 'pod install' or update your CocoaPods installation.\" >&2\n    exit 1\nfi\n# This output is used by Xcode 'outputs' to avoid re-running this script phase.\necho \"SUCCESS\" > \"${SCRIPT_OUTPUT_FILE_0}\"\n";
			showEnvVarsInLog = 0;
		};
		2D4861E016F434131885A1C3 /* [CP] Check Pods Manifest.lock */ = {
			isa = PBXShellScriptBuildPhase;
			buildActionMask = 2147483647;
			files = (
			);
			inputFileListPaths = (
			);
			inputPaths = (
				"${PODS_PODFILE_DIR_PATH}/Podfile.lock",
				"${PODS_ROOT}/Manifest.lock",
			);
			name = "[CP] Check Pods Manifest.lock";
			outputFileListPaths = (
			);
			outputPaths = (
				"$(DERIVED_FILE_DIR)/Pods-iTranslateTests-checkManifestLockResult.txt",
			);
			runOnlyForDeploymentPostprocessing = 0;
			shellPath = /bin/sh;
			shellScript = "diff \"${PODS_PODFILE_DIR_PATH}/Podfile.lock\" \"${PODS_ROOT}/Manifest.lock\" > /dev/null\nif [ $? != 0 ] ; then\n    # print error to STDERR\n    echo \"error: The sandbox is not in sync with the Podfile.lock. Run 'pod install' or update your CocoaPods installation.\" >&2\n    exit 1\nfi\n# This output is used by Xcode 'outputs' to avoid re-running this script phase.\necho \"SUCCESS\" > \"${SCRIPT_OUTPUT_FILE_0}\"\n";
			showEnvVarsInLog = 0;
		};
		3026602906F5EF0E7C89C0BE /* [CP] Embed Pods Frameworks */ = {
			isa = PBXShellScriptBuildPhase;
			buildActionMask = 2147483647;
			files = (
			);
			inputFileListPaths = (
				"${PODS_ROOT}/Target Support Files/Pods-iTranslateTests/Pods-iTranslateTests-frameworks-${CONFIGURATION}-input-files.xcfilelist",
			);
			name = "[CP] Embed Pods Frameworks";
			outputFileListPaths = (
				"${PODS_ROOT}/Target Support Files/Pods-iTranslateTests/Pods-iTranslateTests-frameworks-${CONFIGURATION}-output-files.xcfilelist",
			);
			runOnlyForDeploymentPostprocessing = 0;
			shellPath = /bin/sh;
			shellScript = "\"${PODS_ROOT}/Target Support Files/Pods-iTranslateTests/Pods-iTranslateTests-frameworks.sh\"\n";
			showEnvVarsInLog = 0;
		};
		6CB998116CF49E5759666668 /* [CP] Embed Pods Frameworks */ = {
			isa = PBXShellScriptBuildPhase;
			buildActionMask = 2147483647;
			files = (
			);
			inputFileListPaths = (
				"${PODS_ROOT}/Target Support Files/Pods-iTranslate/Pods-iTranslate-frameworks-${CONFIGURATION}-input-files.xcfilelist",
			);
			name = "[CP] Embed Pods Frameworks";
			outputFileListPaths = (
				"${PODS_ROOT}/Target Support Files/Pods-iTranslate/Pods-iTranslate-frameworks-${CONFIGURATION}-output-files.xcfilelist",
			);
			runOnlyForDeploymentPostprocessing = 0;
			shellPath = /bin/sh;
			shellScript = "\"${PODS_ROOT}/Target Support Files/Pods-iTranslate/Pods-iTranslate-frameworks.sh\"\n";
			showEnvVarsInLog = 0;
		};
		E3D4DD0BC51ABCF04C086995 /* [CP] Embed Pods Frameworks */ = {
			isa = PBXShellScriptBuildPhase;
			buildActionMask = 2147483647;
			files = (
			);
			inputFileListPaths = (
				"${PODS_ROOT}/Target Support Files/Pods-iTranslate-iTranslateUITests/Pods-iTranslate-iTranslateUITests-frameworks-${CONFIGURATION}-input-files.xcfilelist",
			);
			name = "[CP] Embed Pods Frameworks";
			outputFileListPaths = (
				"${PODS_ROOT}/Target Support Files/Pods-iTranslate-iTranslateUITests/Pods-iTranslate-iTranslateUITests-frameworks-${CONFIGURATION}-output-files.xcfilelist",
			);
			runOnlyForDeploymentPostprocessing = 0;
			shellPath = /bin/sh;
			shellScript = "\"${PODS_ROOT}/Target Support Files/Pods-iTranslate-iTranslateUITests/Pods-iTranslate-iTranslateUITests-frameworks.sh\"\n";
			showEnvVarsInLog = 0;
		};
/* End PBXShellScriptBuildPhase section */

/* Begin PBXSourcesBuildPhase section */
		D2D777C322CDCC1100427FC0 /* Sources */ = {
			isa = PBXSourcesBuildPhase;
			buildActionMask = 2147483647;
			files = (
				5E76D7C52414018900F074DD /* RecordPermissionAlertViewController.swift in Sources */,
				5E6CEBF82416CA6000F73A1D /* DateExtension.swift in Sources */,
				5E6CEBF6241616FA00F73A1D /* RecordPlayerViewModel.swift in Sources */,
				D2D777F922CDCC8100427FC0 /* ViewModel.swift in Sources */,
				5E237E1E241507BE004AB922 /* Record.swift in Sources */,
				5E6CEBE92415791300F73A1D /* RecordListViewCell.swift in Sources */,
				5E6CEBEC24157A5E00F73A1D /* RecordDisplayViewModel.swift in Sources */,
				5E6CEBE4241574A900F73A1D /* RecordListProtocol.swift in Sources */,
				5E76D7C82414112900F074DD /* ResponderExtension.swift in Sources */,
				5E6CEBD924153FB300F73A1D /* AlertController.swift in Sources */,
				D2D777CB22CDCC1100427FC0 /* AppDelegate.swift in Sources */,
				5E6CEBE62415751000F73A1D /* RecordListViewModel.swift in Sources */,
				5E003FCE2413FE33002DEA8B /* RecordProtocols.swift in Sources */,
				5E6CEBE22415620700F73A1D /* TimeIntervalExtension.swift in Sources */,
				5E237E2424150BDE004AB922 /* BaseObject.swift in Sources */,
				5E9EF6C92416D6BB00462CFB /* FileDataManager.swift in Sources */,
				5E237E1C24143674004AB922 /* View.swift in Sources */,
				5E6CEBF02416165B00F73A1D /* AudioPlayerViewController.swift in Sources */,
				5E6CEBF3241616A800F73A1D /* RecordPlayerProtocol.swift in Sources */,
				5E11C50624137D0C0084FB21 /* RecordViewController.swift in Sources */,
				5E237E2024150B86004AB922 /* DataManager.swift in Sources */,
				5E237E2224150BAC004AB922 /* Caching.swift in Sources */,
				5E11C5102413D2090084FB21 /* AudioManager.swift in Sources */,
				5E6CEBDE24154AEE00F73A1D /* RecordListViewController.swift in Sources */,
				5E11C50E241394250084FB21 /* RecordViewModel.swift in Sources */,
			);
			runOnlyForDeploymentPostprocessing = 0;
		};
		D2D777D722CDCC1300427FC0 /* Sources */ = {
			isa = PBXSourcesBuildPhase;
			buildActionMask = 2147483647;
			files = (
				D2D777E022CDCC1300427FC0 /* iTranslateTests.swift in Sources */,
				5E9EF6CF2416DBB800462CFB /* RecordViewModelTests.swift in Sources */,
			);
			runOnlyForDeploymentPostprocessing = 0;
		};
		D2D777E222CDCC1300427FC0 /* Sources */ = {
			isa = PBXSourcesBuildPhase;
			buildActionMask = 2147483647;
			files = (
				D2D777EB22CDCC1300427FC0 /* iTranslateUITests.swift in Sources */,
			);
			runOnlyForDeploymentPostprocessing = 0;
		};
/* End PBXSourcesBuildPhase section */

/* Begin PBXTargetDependency section */
		D2D777DD22CDCC1300427FC0 /* PBXTargetDependency */ = {
			isa = PBXTargetDependency;
			target = D2D777C622CDCC1100427FC0 /* iTranslate */;
			targetProxy = D2D777DC22CDCC1300427FC0 /* PBXContainerItemProxy */;
		};
		D2D777E822CDCC1300427FC0 /* PBXTargetDependency */ = {
			isa = PBXTargetDependency;
			target = D2D777C622CDCC1100427FC0 /* iTranslate */;
			targetProxy = D2D777E722CDCC1300427FC0 /* PBXContainerItemProxy */;
		};
/* End PBXTargetDependency section */

/* Begin PBXVariantGroup section */
		D2D777CE22CDCC1100427FC0 /* Main.storyboard */ = {
			isa = PBXVariantGroup;
			children = (
				D2D777CF22CDCC1100427FC0 /* Base */,
			);
			name = Main.storyboard;
			sourceTree = "<group>";
		};
		D2D777D322CDCC1200427FC0 /* LaunchScreen.storyboard */ = {
			isa = PBXVariantGroup;
			children = (
				D2D777D422CDCC1200427FC0 /* Base */,
			);
			name = LaunchScreen.storyboard;
			sourceTree = "<group>";
		};
/* End PBXVariantGroup section */

/* Begin XCBuildConfiguration section */
		D2D777ED22CDCC1300427FC0 /* Debug */ = {
			isa = XCBuildConfiguration;
			buildSettings = {
				ALWAYS_SEARCH_USER_PATHS = NO;
				CLANG_ANALYZER_NONNULL = YES;
				CLANG_ANALYZER_NUMBER_OBJECT_CONVERSION = YES_AGGRESSIVE;
				CLANG_CXX_LANGUAGE_STANDARD = "gnu++14";
				CLANG_CXX_LIBRARY = "libc++";
				CLANG_ENABLE_MODULES = YES;
				CLANG_ENABLE_OBJC_ARC = YES;
				CLANG_ENABLE_OBJC_WEAK = YES;
				CLANG_WARN_BLOCK_CAPTURE_AUTORELEASING = YES;
				CLANG_WARN_BOOL_CONVERSION = YES;
				CLANG_WARN_COMMA = YES;
				CLANG_WARN_CONSTANT_CONVERSION = YES;
				CLANG_WARN_DEPRECATED_OBJC_IMPLEMENTATIONS = YES;
				CLANG_WARN_DIRECT_OBJC_ISA_USAGE = YES_ERROR;
				CLANG_WARN_DOCUMENTATION_COMMENTS = YES;
				CLANG_WARN_EMPTY_BODY = YES;
				CLANG_WARN_ENUM_CONVERSION = YES;
				CLANG_WARN_INFINITE_RECURSION = YES;
				CLANG_WARN_INT_CONVERSION = YES;
				CLANG_WARN_NON_LITERAL_NULL_CONVERSION = YES;
				CLANG_WARN_OBJC_IMPLICIT_RETAIN_SELF = YES;
				CLANG_WARN_OBJC_LITERAL_CONVERSION = YES;
				CLANG_WARN_OBJC_ROOT_CLASS = YES_ERROR;
				CLANG_WARN_RANGE_LOOP_ANALYSIS = YES;
				CLANG_WARN_STRICT_PROTOTYPES = YES;
				CLANG_WARN_SUSPICIOUS_MOVE = YES;
				CLANG_WARN_UNGUARDED_AVAILABILITY = YES_AGGRESSIVE;
				CLANG_WARN_UNREACHABLE_CODE = YES;
				CLANG_WARN__DUPLICATE_METHOD_MATCH = YES;
				CODE_SIGN_IDENTITY = "iPhone Developer";
				COPY_PHASE_STRIP = NO;
				DEBUG_INFORMATION_FORMAT = dwarf;
				ENABLE_STRICT_OBJC_MSGSEND = YES;
				ENABLE_TESTABILITY = YES;
				GCC_C_LANGUAGE_STANDARD = gnu11;
				GCC_DYNAMIC_NO_PIC = NO;
				GCC_NO_COMMON_BLOCKS = YES;
				GCC_OPTIMIZATION_LEVEL = 0;
				GCC_PREPROCESSOR_DEFINITIONS = (
					"DEBUG=1",
					"$(inherited)",
				);
				GCC_WARN_64_TO_32_BIT_CONVERSION = YES;
				GCC_WARN_ABOUT_RETURN_TYPE = YES_ERROR;
				GCC_WARN_UNDECLARED_SELECTOR = YES;
				GCC_WARN_UNINITIALIZED_AUTOS = YES_AGGRESSIVE;
				GCC_WARN_UNUSED_FUNCTION = YES;
				GCC_WARN_UNUSED_VARIABLE = YES;
				IPHONEOS_DEPLOYMENT_TARGET = 12.0;
				MTL_ENABLE_DEBUG_INFO = INCLUDE_SOURCE;
				MTL_FAST_MATH = YES;
				ONLY_ACTIVE_ARCH = YES;
				SDKROOT = iphoneos;
				SWIFT_ACTIVE_COMPILATION_CONDITIONS = DEBUG;
				SWIFT_OPTIMIZATION_LEVEL = "-Onone";
			};
			name = Debug;
		};
		D2D777EE22CDCC1300427FC0 /* Release */ = {
			isa = XCBuildConfiguration;
			buildSettings = {
				ALWAYS_SEARCH_USER_PATHS = NO;
				CLANG_ANALYZER_NONNULL = YES;
				CLANG_ANALYZER_NUMBER_OBJECT_CONVERSION = YES_AGGRESSIVE;
				CLANG_CXX_LANGUAGE_STANDARD = "gnu++14";
				CLANG_CXX_LIBRARY = "libc++";
				CLANG_ENABLE_MODULES = YES;
				CLANG_ENABLE_OBJC_ARC = YES;
				CLANG_ENABLE_OBJC_WEAK = YES;
				CLANG_WARN_BLOCK_CAPTURE_AUTORELEASING = YES;
				CLANG_WARN_BOOL_CONVERSION = YES;
				CLANG_WARN_COMMA = YES;
				CLANG_WARN_CONSTANT_CONVERSION = YES;
				CLANG_WARN_DEPRECATED_OBJC_IMPLEMENTATIONS = YES;
				CLANG_WARN_DIRECT_OBJC_ISA_USAGE = YES_ERROR;
				CLANG_WARN_DOCUMENTATION_COMMENTS = YES;
				CLANG_WARN_EMPTY_BODY = YES;
				CLANG_WARN_ENUM_CONVERSION = YES;
				CLANG_WARN_INFINITE_RECURSION = YES;
				CLANG_WARN_INT_CONVERSION = YES;
				CLANG_WARN_NON_LITERAL_NULL_CONVERSION = YES;
				CLANG_WARN_OBJC_IMPLICIT_RETAIN_SELF = YES;
				CLANG_WARN_OBJC_LITERAL_CONVERSION = YES;
				CLANG_WARN_OBJC_ROOT_CLASS = YES_ERROR;
				CLANG_WARN_RANGE_LOOP_ANALYSIS = YES;
				CLANG_WARN_STRICT_PROTOTYPES = YES;
				CLANG_WARN_SUSPICIOUS_MOVE = YES;
				CLANG_WARN_UNGUARDED_AVAILABILITY = YES_AGGRESSIVE;
				CLANG_WARN_UNREACHABLE_CODE = YES;
				CLANG_WARN__DUPLICATE_METHOD_MATCH = YES;
				CODE_SIGN_IDENTITY = "iPhone Developer";
				COPY_PHASE_STRIP = NO;
				DEBUG_INFORMATION_FORMAT = "dwarf-with-dsym";
				ENABLE_NS_ASSERTIONS = NO;
				ENABLE_STRICT_OBJC_MSGSEND = YES;
				GCC_C_LANGUAGE_STANDARD = gnu11;
				GCC_NO_COMMON_BLOCKS = YES;
				GCC_WARN_64_TO_32_BIT_CONVERSION = YES;
				GCC_WARN_ABOUT_RETURN_TYPE = YES_ERROR;
				GCC_WARN_UNDECLARED_SELECTOR = YES;
				GCC_WARN_UNINITIALIZED_AUTOS = YES_AGGRESSIVE;
				GCC_WARN_UNUSED_FUNCTION = YES;
				GCC_WARN_UNUSED_VARIABLE = YES;
				IPHONEOS_DEPLOYMENT_TARGET = 12.0;
				MTL_ENABLE_DEBUG_INFO = NO;
				MTL_FAST_MATH = YES;
				SDKROOT = iphoneos;
				SWIFT_COMPILATION_MODE = wholemodule;
				SWIFT_OPTIMIZATION_LEVEL = "-O";
				VALIDATE_PRODUCT = YES;
			};
			name = Release;
		};
		D2D777F022CDCC1300427FC0 /* Debug */ = {
			isa = XCBuildConfiguration;
			baseConfigurationReference = 6B221982CCF8B6D590EA0F7D /* Pods-iTranslate.debug.xcconfig */;
			buildSettings = {
				ASSETCATALOG_COMPILER_APPICON_NAME = AppIcon;
				CODE_SIGN_IDENTITY = "iPhone Developer";
				CODE_SIGN_STYLE = Manual;
				DEVELOPMENT_TEAM = EHNB78KN5B;
				INFOPLIST_FILE = iTranslate/Info.plist;
				IPHONEOS_DEPLOYMENT_TARGET = 12.0;
				LD_RUNPATH_SEARCH_PATHS = (
					"$(inherited)",
					"@executable_path/Frameworks",
				);
				PRODUCT_BUNDLE_IDENTIFIER = com.testApps.iTranslate;
				PRODUCT_NAME = "$(TARGET_NAME)";
				PROVISIONING_PROFILE_SPECIFIER = TestAppsDevelopmentProfile;
				SWIFT_VERSION = 5.0;
				TARGETED_DEVICE_FAMILY = "1,2";
			};
			name = Debug;
		};
		D2D777F122CDCC1300427FC0 /* Release */ = {
			isa = XCBuildConfiguration;
			baseConfigurationReference = 27016E514107061BDD1CE88F /* Pods-iTranslate.release.xcconfig */;
			buildSettings = {
				ASSETCATALOG_COMPILER_APPICON_NAME = AppIcon;
				CODE_SIGN_IDENTITY = "iPhone Developer";
				CODE_SIGN_STYLE = Manual;
				DEVELOPMENT_TEAM = EHNB78KN5B;
				INFOPLIST_FILE = iTranslate/Info.plist;
				IPHONEOS_DEPLOYMENT_TARGET = 12.0;
				LD_RUNPATH_SEARCH_PATHS = (
					"$(inherited)",
					"@executable_path/Frameworks",
				);
				PRODUCT_BUNDLE_IDENTIFIER = com.testApps.iTranslate;
				PRODUCT_NAME = "$(TARGET_NAME)";
				PROVISIONING_PROFILE_SPECIFIER = TestAppsDevelopmentProfile;
				SWIFT_VERSION = 5.0;
				TARGETED_DEVICE_FAMILY = "1,2";
			};
			name = Release;
		};
		D2D777F322CDCC1300427FC0 /* Debug */ = {
			isa = XCBuildConfiguration;
			baseConfigurationReference = 56EC0CB14DEB18D115185FE9 /* Pods-iTranslateTests.debug.xcconfig */;
			buildSettings = {
				ALWAYS_EMBED_SWIFT_STANDARD_LIBRARIES = YES;
				BUNDLE_LOADER = "$(TEST_HOST)";
				CODE_SIGN_STYLE = Automatic;
				DEVELOPMENT_TEAM = XTC37GUKV9;
				INFOPLIST_FILE = iTranslateTests/Info.plist;
				LD_RUNPATH_SEARCH_PATHS = (
					"$(inherited)",
					"@executable_path/Frameworks",
					"@loader_path/Frameworks",
				);
				PRODUCT_BUNDLE_IDENTIFIER = com.itranslate.iTranslateTests;
				PRODUCT_NAME = "$(TARGET_NAME)";
				SWIFT_VERSION = 5.0;
				TARGETED_DEVICE_FAMILY = "1,2";
				TEST_HOST = "$(BUILT_PRODUCTS_DIR)/iTranslate.app/iTranslate";
			};
			name = Debug;
		};
		D2D777F422CDCC1300427FC0 /* Release */ = {
			isa = XCBuildConfiguration;
			baseConfigurationReference = 592DCC2869DEB98A67D8C2F4 /* Pods-iTranslateTests.release.xcconfig */;
			buildSettings = {
				ALWAYS_EMBED_SWIFT_STANDARD_LIBRARIES = YES;
				BUNDLE_LOADER = "$(TEST_HOST)";
				CODE_SIGN_STYLE = Automatic;
				DEVELOPMENT_TEAM = XTC37GUKV9;
				INFOPLIST_FILE = iTranslateTests/Info.plist;
				LD_RUNPATH_SEARCH_PATHS = (
					"$(inherited)",
					"@executable_path/Frameworks",
					"@loader_path/Frameworks",
				);
				PRODUCT_BUNDLE_IDENTIFIER = com.itranslate.iTranslateTests;
				PRODUCT_NAME = "$(TARGET_NAME)";
				SWIFT_VERSION = 5.0;
				TARGETED_DEVICE_FAMILY = "1,2";
				TEST_HOST = "$(BUILT_PRODUCTS_DIR)/iTranslate.app/iTranslate";
			};
			name = Release;
		};
		D2D777F622CDCC1300427FC0 /* Debug */ = {
			isa = XCBuildConfiguration;
			baseConfigurationReference = 61970C44116C7CB5633F52AB /* Pods-iTranslate-iTranslateUITests.debug.xcconfig */;
			buildSettings = {
				ALWAYS_EMBED_SWIFT_STANDARD_LIBRARIES = YES;
				CODE_SIGN_STYLE = Automatic;
				DEVELOPMENT_TEAM = XTC37GUKV9;
				INFOPLIST_FILE = iTranslateUITests/Info.plist;
				LD_RUNPATH_SEARCH_PATHS = (
					"$(inherited)",
					"@executable_path/Frameworks",
					"@loader_path/Frameworks",
				);
				PRODUCT_BUNDLE_IDENTIFIER = com.itranslate.iTranslateUITests;
				PRODUCT_NAME = "$(TARGET_NAME)";
				SWIFT_VERSION = 5.0;
				TARGETED_DEVICE_FAMILY = "1,2";
				TEST_TARGET_NAME = iTranslate;
			};
			name = Debug;
		};
		D2D777F722CDCC1300427FC0 /* Release */ = {
			isa = XCBuildConfiguration;
			baseConfigurationReference = BB629AB7E744E276088E2DB9 /* Pods-iTranslate-iTranslateUITests.release.xcconfig */;
			buildSettings = {
				ALWAYS_EMBED_SWIFT_STANDARD_LIBRARIES = YES;
				CODE_SIGN_STYLE = Automatic;
				DEVELOPMENT_TEAM = XTC37GUKV9;
				INFOPLIST_FILE = iTranslateUITests/Info.plist;
				LD_RUNPATH_SEARCH_PATHS = (
					"$(inherited)",
					"@executable_path/Frameworks",
					"@loader_path/Frameworks",
				);
				PRODUCT_BUNDLE_IDENTIFIER = com.itranslate.iTranslateUITests;
				PRODUCT_NAME = "$(TARGET_NAME)";
				SWIFT_VERSION = 5.0;
				TARGETED_DEVICE_FAMILY = "1,2";
				TEST_TARGET_NAME = iTranslate;
			};
			name = Release;
		};
/* End XCBuildConfiguration section */

/* Begin XCConfigurationList section */
		D2D777C222CDCC1100427FC0 /* Build configuration list for PBXProject "iTranslate" */ = {
			isa = XCConfigurationList;
			buildConfigurations = (
				D2D777ED22CDCC1300427FC0 /* Debug */,
				D2D777EE22CDCC1300427FC0 /* Release */,
			);
			defaultConfigurationIsVisible = 0;
			defaultConfigurationName = Release;
		};
		D2D777EF22CDCC1300427FC0 /* Build configuration list for PBXNativeTarget "iTranslate" */ = {
			isa = XCConfigurationList;
			buildConfigurations = (
				D2D777F022CDCC1300427FC0 /* Debug */,
				D2D777F122CDCC1300427FC0 /* Release */,
			);
			defaultConfigurationIsVisible = 0;
			defaultConfigurationName = Release;
		};
		D2D777F222CDCC1300427FC0 /* Build configuration list for PBXNativeTarget "iTranslateTests" */ = {
			isa = XCConfigurationList;
			buildConfigurations = (
				D2D777F322CDCC1300427FC0 /* Debug */,
				D2D777F422CDCC1300427FC0 /* Release */,
			);
			defaultConfigurationIsVisible = 0;
			defaultConfigurationName = Release;
		};
		D2D777F522CDCC1300427FC0 /* Build configuration list for PBXNativeTarget "iTranslateUITests" */ = {
			isa = XCConfigurationList;
			buildConfigurations = (
				D2D777F622CDCC1300427FC0 /* Debug */,
				D2D777F722CDCC1300427FC0 /* Release */,
			);
			defaultConfigurationIsVisible = 0;
			defaultConfigurationName = Release;
		};
/* End XCConfigurationList section */
	};
	rootObject = D2D777BF22CDCC1100427FC0 /* Project object */;
}
